
Microsoft Visual Studio Solution File, Format Version 12.00
# Visual Studio Version 17
VisualStudioVersion = 17.6.33829.357
MinimumVisualStudioVersion = 10.0.40219.1
Project("{9A19103F-16F7-4668-BE54-9A1E7A4F7556}") = "GomokuNN", "GomokuNN.csproj", "{2C34F886-B147-4AED-A221-B5215F0539B5}"
	ProjectSection(ProjectDependencies) = postProject
		{79D36BD2-6D2E-4A74-9C5B-D50C64AF3C6B} = {79D36BD2-6D2E-4A74-9C5B-D50C64AF3C6B}
		{CBED59F2-43E5-487A-A739-105D8DC3FC4E} = {CBED59F2-43E5-487A-A739-105D8DC3FC4E}
	EndProjectSection
EndProject
Project("{9A19103F-16F7-4668-BE54-9A1E7A4F7556}") = "Keras", "Keras\Keras.csproj", "{CBED59F2-43E5-487A-A739-105D8DC3FC4E}"
EndProject
Project("{9A19103F-16F7-4668-BE54-9A1E7A4F7556}") = "Tensorflow", "Tensorflow\Tensorflow.csproj", "{79D36BD2-6D2E-4A74-9C5B-D50C64AF3C6B}"
EndProject
Global
	GlobalSection(SolutionConfigurationPlatforms) = preSolution
		Debug|Any CPU = Debug|Any CPU
		Debug|x64 = Debug|x64
		Py3.11_Mono|Any CPU = Py3.11_Mono|Any CPU
		Py3.11_Mono|x64 = Py3.11_Mono|x64
		Py3.11_OSX|Any CPU = Py3.11_OSX|Any CPU
		Py3.11_OSX|x64 = Py3.11_OSX|x64
		Py3.11_WIN|Any CPU = Py3.11_WIN|Any CPU
		Py3.11_WIN|x64 = Py3.11_WIN|x64
		Release|Any CPU = Release|Any CPU
		Release|x64 = Release|x64
	EndGlobalSection
	GlobalSection(ProjectConfigurationPlatforms) = postSolution
		{2C34F886-B147-4AED-A221-B5215F0539B5}.Debug|Any CPU.ActiveCfg = Debug|Any CPU
		{2C34F886-B147-4AED-A221-B5215F0539B5}.Debug|Any CPU.Build.0 = Debug|Any CPU
		{2C34F886-B147-4AED-A221-B5215F0539B5}.Debug|x64.ActiveCfg = Debug|Any CPU
		{2C34F886-B147-4AED-A221-B5215F0539B5}.Debug|x64.Build.0 = Debug|Any CPU
		{2C34F886-B147-4AED-A221-B5215F0539B5}.Py3.11_Mono|Any CPU.ActiveCfg = Release|Any CPU
		{2C34F886-B147-4AED-A221-B5215F0539B5}.Py3.11_Mono|Any CPU.Build.0 = Release|Any CPU
		{2C34F886-B147-4AED-A221-B5215F0539B5}.Py3.11_Mono|x64.ActiveCfg = Release|Any CPU
		{2C34F886-B147-4AED-A221-B5215F0539B5}.Py3.11_Mono|x64.Build.0 = Release|Any CPU
		{2C34F886-B147-4AED-A221-B5215F0539B5}.Py3.11_OSX|Any CPU.ActiveCfg = Release|Any CPU
		{2C34F886-B147-4AED-A221-B5215F0539B5}.Py3.11_OSX|Any CPU.Build.0 = Release|Any CPU
		{2C34F886-B147-4AED-A221-B5215F0539B5}.Py3.11_OSX|x64.ActiveCfg = Release|Any CPU
		{2C34F886-B147-4AED-A221-B5215F0539B5}.Py3.11_OSX|x64.Build.0 = Release|Any CPU
		{2C34F886-B147-4AED-A221-B5215F0539B5}.Py3.11_WIN|Any CPU.ActiveCfg = Release|Any CPU
		{2C34F886-B147-4AED-A221-B5215F0539B5}.Py3.11_WIN|Any CPU.Build.0 = Release|Any CPU
		{2C34F886-B147-4AED-A221-B5215F0539B5}.Py3.11_WIN|x64.ActiveCfg = Release|Any CPU
		{2C34F886-B147-4AED-A221-B5215F0539B5}.Py3.11_WIN|x64.Build.0 = Release|Any CPU
		{2C34F886-B147-4AED-A221-B5215F0539B5}.Release|Any CPU.ActiveCfg = Release|Any CPU
		{2C34F886-B147-4AED-A221-B5215F0539B5}.Release|Any CPU.Build.0 = Release|Any CPU
		{2C34F886-B147-4AED-A221-B5215F0539B5}.Release|x64.ActiveCfg = Release|Any CPU
		{2C34F886-B147-4AED-A221-B5215F0539B5}.Release|x64.Build.0 = Release|Any CPU
		{CBED59F2-43E5-487A-A739-105D8DC3FC4E}.Debug|Any CPU.ActiveCfg = Debug|Any CPU
		{CBED59F2-43E5-487A-A739-105D8DC3FC4E}.Debug|Any CPU.Build.0 = Debug|Any CPU
		{CBED59F2-43E5-487A-A739-105D8DC3FC4E}.Debug|x64.ActiveCfg = Debug|x64
		{CBED59F2-43E5-487A-A739-105D8DC3FC4E}.Debug|x64.Build.0 = Debug|x64
		{CBED59F2-43E5-487A-A739-105D8DC3FC4E}.Py3.11_Mono|Any CPU.ActiveCfg = Py3.11_Mono|Any CPU
		{CBED59F2-43E5-487A-A739-105D8DC3FC4E}.Py3.11_Mono|Any CPU.Build.0 = Py3.11_Mono|Any CPU
		{CBED59F2-43E5-487A-A739-105D8DC3FC4E}.Py3.11_Mono|x64.ActiveCfg = Py3.11_Mono|x64
		{CBED59F2-43E5-487A-A739-105D8DC3FC4E}.Py3.11_Mono|x64.Build.0 = Py3.11_Mono|x64
		{CBED59F2-43E5-487A-A739-105D8DC3FC4E}.Py3.11_OSX|Any CPU.ActiveCfg = Py3.11_OSX|Any CPU
		{CBED59F2-43E5-487A-A739-105D8DC3FC4E}.Py3.11_OSX|Any CPU.Build.0 = Py3.11_OSX|Any CPU
		{CBED59F2-43E5-487A-A739-105D8DC3FC4E}.Py3.11_OSX|x64.ActiveCfg = Py3.11_OSX|x64
		{CBED59F2-43E5-487A-A739-105D8DC3FC4E}.Py3.11_OSX|x64.Build.0 = Py3.11_OSX|x64
		{CBED59F2-43E5-487A-A739-105D8DC3FC4E}.Py3.11_WIN|Any CPU.ActiveCfg = Py3.11_WIN|Any CPU
		{CBED59F2-43E5-487A-A739-105D8DC3FC4E}.Py3.11_WIN|Any CPU.Build.0 = Py3.11_WIN|Any CPU
		{CBED59F2-43E5-487A-A739-105D8DC3FC4E}.Py3.11_WIN|x64.ActiveCfg = Py3.11_WIN|x64
		{CBED59F2-43E5-487A-A739-105D8DC3FC4E}.Py3.11_WIN|x64.Build.0 = Py3.11_WIN|x64
		{CBED59F2-43E5-487A-A739-105D8DC3FC4E}.Release|Any CPU.ActiveCfg = Release|Any CPU
		{CBED59F2-43E5-487A-A739-105D8DC3FC4E}.Release|Any CPU.Build.0 = Release|Any CPU
		{CBED59F2-43E5-487A-A739-105D8DC3FC4E}.Release|x64.ActiveCfg = Release|x64
		{CBED59F2-43E5-487A-A739-105D8DC3FC4E}.Release|x64.Build.0 = Release|x64
		{79D36BD2-6D2E-4A74-9C5B-D50C64AF3C6B}.Debug|Any CPU.ActiveCfg = Debug|Any CPU
		{79D36BD2-6D2E-4A74-9C5B-D50C64AF3C6B}.Debug|Any CPU.Build.0 = Debug|Any CPU
		{79D36BD2-6D2E-4A74-9C5B-D50C64AF3C6B}.Debug|x64.ActiveCfg = Debug|Any CPU
		{79D36BD2-6D2E-4A74-9C5B-D50C64AF3C6B}.Debug|x64.Build.0 = Debug|Any CPU
		{79D36BD2-6D2E-4A74-9C5B-D50C64AF3C6B}.Py3.11_Mono|Any CPU.ActiveCfg = Debug|Any CPU
		{79D36BD2-6D2E-4A74-9C5B-D50C64AF3C6B}.Py3.11_Mono|Any CPU.Build.0 = Debug|Any CPU
		{79D36BD2-6D2E-4A74-9C5B-D50C64AF3C6B}.Py3.11_Mono|x64.ActiveCfg = Debug|Any CPU
		{79D36BD2-6D2E-4A74-9C5B-D50C64AF3C6B}.Py3.11_Mono|x64.Build.0 = Debug|Any CPU
		{79D36BD2-6D2E-4A74-9C5B-D50C64AF3C6B}.Py3.11_OSX|Any CPU.ActiveCfg = Debug|Any CPU
		{79D36BD2-6D2E-4A74-9C5B-D50C64AF3C6B}.Py3.11_OSX|Any CPU.Build.0 = Debug|Any CPU
		{79D36BD2-6D2E-4A74-9C5B-D50C64AF3C6B}.Py3.11_OSX|x64.ActiveCfg = Debug|Any CPU
		{79D36BD2-6D2E-4A74-9C5B-D50C64AF3C6B}.Py3.11_OSX|x64.Build.0 = Debug|Any CPU
		{79D36BD2-6D2E-4A74-9C5B-D50C64AF3C6B}.Py3.11_WIN|Any CPU.ActiveCfg = Debug|Any CPU
		{79D36BD2-6D2E-4A74-9C5B-D50C64AF3C6B}.Py3.11_WIN|Any CPU.Build.0 = Debug|Any CPU
		{79D36BD2-6D2E-4A74-9C5B-D50C64AF3C6B}.Py3.11_WIN|x64.ActiveCfg = Debug|Any CPU
		{79D36BD2-6D2E-4A74-9C5B-D50C64AF3C6B}.Py3.11_WIN|x64.Build.0 = Debug|Any CPU
		{79D36BD2-6D2E-4A74-9C5B-D50C64AF3C6B}.Release|Any CPU.ActiveCfg = Release|Any CPU
		{79D36BD2-6D2E-4A74-9C5B-D50C64AF3C6B}.Release|Any CPU.Build.0 = Release|Any CPU
		{79D36BD2-6D2E-4A74-9C5B-D50C64AF3C6B}.Release|x64.ActiveCfg = Release|Any CPU
		{79D36BD2-6D2E-4A74-9C5B-D50C64AF3C6B}.Release|x64.Build.0 = Release|Any CPU
	EndGlobalSection
	GlobalSection(SolutionProperties) = preSolution
		HideSolutionNode = FALSE
	EndGlobalSection
	GlobalSection(ExtensibilityGlobals) = postSolution
		SolutionGuid = {38A3AA38-00B0-4667-8C21-AA13C2C86F48}
	EndGlobalSection
EndGlobal
